// !$*UTF8*$!
{
	archiveVersion = 1;
	classes = {
	};
	objectVersion = 50;
	objects = {

/* Begin PBXBuildFile section */
		ED1AA71A23D6203C00656BFF /* AppDelegate.swift in Sources */ = {isa = PBXBuildFile; fileRef = ED1AA71923D6203C00656BFF /* AppDelegate.swift */; };
		ED1AA71C23D6203C00656BFF /* SceneDelegate.swift in Sources */ = {isa = PBXBuildFile; fileRef = ED1AA71B23D6203C00656BFF /* SceneDelegate.swift */; };
		ED1AA71E23D6203C00656BFF /* ContentView.swift in Sources */ = {isa = PBXBuildFile; fileRef = ED1AA71D23D6203C00656BFF /* ContentView.swift */; };
		ED1AA72023D6203E00656BFF /* Assets.xcassets in Resources */ = {isa = PBXBuildFile; fileRef = ED1AA71F23D6203E00656BFF /* Assets.xcassets */; };
		ED1AA72323D6203E00656BFF /* Preview Assets.xcassets in Resources */ = {isa = PBXBuildFile; fileRef = ED1AA72223D6203E00656BFF /* Preview Assets.xcassets */; };
		ED1AA72623D6203E00656BFF /* LaunchScreen.storyboard in Resources */ = {isa = PBXBuildFile; fileRef = ED1AA72423D6203E00656BFF /* LaunchScreen.storyboard */; };
		ED3A1BE923D8D85F003A5F16 /* AboutView.swift in Sources */ = {isa = PBXBuildFile; fileRef = ED3A1BE823D8D85F003A5F16 /* AboutView.swift */; };
		EDD6A50F23DC3EE80079E4E7 /* AboutAuthor.swift in Sources */ = {isa = PBXBuildFile; fileRef = EDD6A50E23DC3EE80079E4E7 /* AboutAuthor.swift */; };
/* End PBXBuildFile section */

/* Begin PBXFileReference section */
		ED1AA71623D6203C00656BFF /* Bull's Eye.app */ = {isa = PBXFileReference; explicitFileType = wrapper.application; includeInIndex = 0; path = "Bull's Eye.app"; sourceTree = BUILT_PRODUCTS_DIR; };
		ED1AA71923D6203C00656BFF /* AppDelegate.swift */ = {isa = PBXFileReference; lastKnownFileType = sourcecode.swift; path = AppDelegate.swift; sourceTree = "<group>"; };
		ED1AA71B23D6203C00656BFF /* SceneDelegate.swift */ = {isa = PBXFileReference; lastKnownFileType = sourcecode.swift; path = SceneDelegate.swift; sourceTree = "<group>"; };
		ED1AA71D23D6203C00656BFF /* ContentView.swift */ = {isa = PBXFileReference; lastKnownFileType = sourcecode.swift; path = ContentView.swift; sourceTree = "<group>"; };
		ED1AA71F23D6203E00656BFF /* Assets.xcassets */ = {isa = PBXFileReference; lastKnownFileType = folder.assetcatalog; path = Assets.xcassets; sourceTree = "<group>"; };
		ED1AA72223D6203E00656BFF /* Preview Assets.xcassets */ = {isa = PBXFileReference; lastKnownFileType = folder.assetcatalog; path = "Preview Assets.xcassets"; sourceTree = "<group>"; };
		ED1AA72523D6203E00656BFF /* Base */ = {isa = PBXFileReference; lastKnownFileType = file.storyboard; name = Base; path = Base.lproj/LaunchScreen.storyboard; sourceTree = "<group>"; };
		ED1AA72723D6203E00656BFF /* Info.plist */ = {isa = PBXFileReference; lastKnownFileType = text.plist.xml; path = Info.plist; sourceTree = "<group>"; };
		ED3A1BE823D8D85F003A5F16 /* AboutView.swift */ = {isa = PBXFileReference; lastKnownFileType = sourcecode.swift; path = AboutView.swift; sourceTree = "<group>"; };
		EDD6A50E23DC3EE80079E4E7 /* AboutAuthor.swift */ = {isa = PBXFileReference; lastKnownFileType = sourcecode.swift; path = AboutAuthor.swift; sourceTree = "<group>"; };
/* End PBXFileReference section */

/* Begin PBXFrameworksBuildPhase section */
		ED1AA71323D6203C00656BFF /* Frameworks */ = {
			isa = PBXFrameworksBuildPhase;
			buildActionMask = 2147483647;
			files = (
			);
			runOnlyForDeploymentPostprocessing = 0;
		};
/* End PBXFrameworksBuildPhase section */

/* Begin PBXGroup section */
		ED1AA70D23D6203C00656BFF = {
			isa = PBXGroup;
			children = (
				ED1AA71823D6203C00656BFF /* Bullseye */,
				ED1AA71723D6203C00656BFF /* Products */,
			);
			sourceTree = "<group>";
		};
		ED1AA71723D6203C00656BFF /* Products */ = {
			isa = PBXGroup;
			children = (
				ED1AA71623D6203C00656BFF /* Bull's Eye.app */,
			);
			name = Products;
			sourceTree = "<group>";
		};
		ED1AA71823D6203C00656BFF /* Bullseye */ = {
			isa = PBXGroup;
			children = (
				ED1AA71923D6203C00656BFF /* AppDelegate.swift */,
				ED1AA71B23D6203C00656BFF /* SceneDelegate.swift */,
				ED1AA71D23D6203C00656BFF /* ContentView.swift */,
				ED3A1BE823D8D85F003A5F16 /* AboutView.swift */,
				EDD6A50E23DC3EE80079E4E7 /* AboutAuthor.swift */,
				ED1AA71F23D6203E00656BFF /* Assets.xcassets */,
				ED1AA72423D6203E00656BFF /* LaunchScreen.storyboard */,
				ED1AA72723D6203E00656BFF /* Info.plist */,
				ED1AA72123D6203E00656BFF /* Preview Content */,
			);
			path = Bullseye;
			sourceTree = "<group>";
		};
		ED1AA72123D6203E00656BFF /* Preview Content */ = {
			isa = PBXGroup;
			children = (
				ED1AA72223D6203E00656BFF /* Preview Assets.xcassets */,
			);
			path = "Preview Content";
			sourceTree = "<group>";
		};
/* End PBXGroup section */

/* Begin PBXNativeTarget section */
		ED1AA71523D6203C00656BFF /* Bullseye */ = {
			isa = PBXNativeTarget;
			buildConfigurationList = ED1AA72A23D6203E00656BFF /* Build configuration list for PBXNativeTarget "Bullseye" */;
			buildPhases = (
				ED1AA71223D6203C00656BFF /* Sources */,
				ED1AA71323D6203C00656BFF /* Frameworks */,
				ED1AA71423D6203C00656BFF /* Resources */,
			);
			buildRules = (
			);
			dependencies = (
			);
			name = Bullseye;
			productName = Bullseye;
			productReference = ED1AA71623D6203C00656BFF /* Bull's Eye.app */;
			productType = "com.apple.product-type.application";
		};
/* End PBXNativeTarget section */

/* Begin PBXProject section */
		ED1AA70E23D6203C00656BFF /* Project object */ = {
			isa = PBXProject;
			attributes = {
				LastSwiftUpdateCheck = 1100;
				LastUpgradeCheck = 1100;
				ORGANIZATIONNAME = "Kirill Kornev";
				TargetAttributes = {
					ED1AA71523D6203C00656BFF = {
						CreatedOnToolsVersion = 11.0;
					};
				};
			};
			buildConfigurationList = ED1AA71123D6203C00656BFF /* Build configuration list for PBXProject "Bullseye" */;
			compatibilityVersion = "Xcode 9.3";
			developmentRegion = en;
			hasScannedForEncodings = 0;
			knownRegions = (
				en,
				Base,
			);
			mainGroup = ED1AA70D23D6203C00656BFF;
			productRefGroup = ED1AA71723D6203C00656BFF /* Products */;
			projectDirPath = "";
			projectRoot = "";
			targets = (
				ED1AA71523D6203C00656BFF /* Bullseye */,
			);
		};
/* End PBXProject section */

/* Begin PBXResourcesBuildPhase section */
		ED1AA71423D6203C00656BFF /* Resources */ = {
			isa = PBXResourcesBuildPhase;
			buildActionMask = 2147483647;
			files = (
				ED1AA72623D6203E00656BFF /* LaunchScreen.storyboard in Resources */,
				ED1AA72323D6203E00656BFF /* Preview Assets.xcassets in Resources */,
				ED1AA72023D6203E00656BFF /* Assets.xcassets in Resources */,
			);
			runOnlyForDeploymentPostprocessing = 0;
		};
/* End PBXResourcesBuildPhase section */

/* Begin PBXSourcesBuildPhase section */
		ED1AA71223D6203C00656BFF /* Sources */ = {
			isa = PBXSourcesBuildPhase;
			buildActionMask = 2147483647;
			files = (
				ED3A1BE923D8D85F003A5F16 /* AboutView.swift in Sources */,
				ED1AA71A23D6203C00656BFF /* AppDelegate.swift in Sources */,
				ED1AA71C23D6203C00656BFF /* SceneDelegate.swift in Sources */,
				EDD6A50F23DC3EE80079E4E7 /* AboutAuthor.swift in Sources */,
				ED1AA71E23D6203C00656BFF /* ContentView.swift in Sources */,
			);
			runOnlyForDeploymentPostprocessing = 0;
		};
/* End PBXSourcesBuildPhase section */

/* Begin PBXVariantGroup section */
		ED1AA72423D6203E00656BFF /* LaunchScreen.storyboard */ = {
			isa = PBXVariantGroup;
			children = (
				ED1AA72523D6203E00656BFF /* Base */,
			);
			name = LaunchScreen.storyboard;
			sourceTree = "<group>";
		};
/* End PBXVariantGroup section */

/* Begin XCBuildConfiguration section */
		ED1AA72823D6203E00656BFF /* Debug */ = {
			isa = XCBuildConfiguration;
			buildSettings = {
				ALWAYS_SEARCH_USER_PATHS = NO;
				CLANG_ANALYZER_NONNULL = YES;
				CLANG_ANALYZER_NUMBER_OBJECT_CONVERSION = YES_AGGRESSIVE;
				CLANG_CXX_LANGUAGE_STANDARD = "gnu++14";
				CLANG_CXX_LIBRARY = "libc++";
				CLANG_ENABLE_MODULES = YES;
				CLANG_ENABLE_OBJC_ARC = YES;
				CLANG_ENABLE_OBJC_WEAK = YES;
				CLANG_WARN_BLOCK_CAPTURE_AUTORELEASING = YES;
				CLANG_WARN_BOOL_CONVERSION = YES;
				CLANG_WARN_COMMA = YES;
				CLANG_WARN_CONSTANT_CONVERSION = YES;
				CLANG_WARN_DEPRECATED_OBJC_IMPLEMENTATIONS = YES;
				CLANG_WARN_DIRECT_OBJC_ISA_USAGE = YES_ERROR;
				CLANG_WARN_DOCUMENTATION_COMMENTS = YES;
				CLANG_WARN_EMPTY_BODY = YES;
				CLANG_WARN_ENUM_CONVERSION = YES;
				CLANG_WARN_INFINITE_RECURSION = YES;
				CLANG_WARN_INT_CONVERSION = YES;
				CLANG_WARN_NON_LITERAL_NULL_CONVERSION = YES;
				CLANG_WARN_OBJC_IMPLICIT_RETAIN_SELF = YES;
				CLANG_WARN_OBJC_LITERAL_CONVERSION = YES;
				CLANG_WARN_OBJC_ROOT_CLASS = YES_ERROR;
				CLANG_WARN_RANGE_LOOP_ANALYSIS = YES;
				CLANG_WARN_STRICT_PROTOTYPES = YES;
				CLANG_WARN_SUSPICIOUS_MOVE = YES;
				CLANG_WARN_UNGUARDED_AVAILABILITY = YES_AGGRESSIVE;
				CLANG_WARN_UNREACHABLE_CODE = YES;
				CLANG_WARN__DUPLICATE_METHOD_MATCH = YES;
				COPY_PHASE_STRIP = NO;
				DEBUG_INFORMATION_FORMAT = dwarf;
				ENABLE_STRICT_OBJC_MSGSEND = YES;
				ENABLE_TESTABILITY = YES;
				GCC_C_LANGUAGE_STANDARD = gnu11;
				GCC_DYNAMIC_NO_PIC = NO;
				GCC_NO_COMMON_BLOCKS = YES;
				GCC_OPTIMIZATION_LEVEL = 0;
				GCC_PREPROCESSOR_DEFINITIONS = (
					"DEBUG=1",
					"$(inherited)",
				);
				GCC_WARN_64_TO_32_BIT_CONVERSION = YES;
				GCC_WARN_ABOUT_RETURN_TYPE = YES_ERROR;
				GCC_WARN_UNDECLARED_SELECTOR = YES;
				GCC_WARN_UNINITIALIZED_AUTOS = YES_AGGRESSIVE;
				GCC_WARN_UNUSED_FUNCTION = YES;
				GCC_WARN_UNUSED_VARIABLE = YES;
				IPHONEOS_DEPLOYMENT_TARGET = 13.0;
				MTL_ENABLE_DEBUG_INFO = INCLUDE_SOURCE;
				MTL_FAST_MATH = YES;
				ONLY_ACTIVE_ARCH = YES;
				SDKROOT = iphoneos;
				SWIFT_ACTIVE_COMPILATION_CONDITIONS = DEBUG;
				SWIFT_OPTIMIZATION_LEVEL = "-Onone";
			};
			name = Debug;
		};
		ED1AA72923D6203E00656BFF /* Release */ = {
			isa = XCBuildConfiguration;
			buildSettings = {
				ALWAYS_SEARCH_USER_PATHS = NO;
				CLANG_ANALYZER_NONNULL = YES;
				CLANG_ANALYZER_NUMBER_OBJECT_CONVERSION = YES_AGGRESSIVE;
				CLANG_CXX_LANGUAGE_STANDARD = "gnu++14";
				CLANG_CXX_LIBRARY = "libc++";
				CLANG_ENABLE_MODULES = YES;
				CLANG_ENABLE_OBJC_ARC = YES;
				CLANG_ENABLE_OBJC_WEAK = YES;
				CLANG_WARN_BLOCK_CAPTURE_AUTORELEASING = YES;
				CLANG_WARN_BOOL_CONVERSION = YES;
				CLANG_WARN_COMMA = YES;
				CLANG_WARN_CONSTANT_CONVERSION = YES;
				CLANG_WARN_DEPRECATED_OBJC_IMPLEMENTATIONS = YES;
				CLANG_WARN_DIRECT_OBJC_ISA_USAGE = YES_ERROR;
				CLANG_WARN_DOCUMENTATION_COMMENTS = YES;
				CLANG_WARN_EMPTY_BODY = YES;
				CLANG_WARN_ENUM_CONVERSION = YES;
				CLANG_WARN_INFINITE_RECURSION = YES;
				CLANG_WARN_INT_CONVERSION = YES;
				CLANG_WARN_NON_LITERAL_NULL_CONVERSION = YES;
				CLANG_WARN_OBJC_IMPLICIT_RETAIN_SELF = YES;
				CLANG_WARN_OBJC_LITERAL_CONVERSION = YES;
				CLANG_WARN_OBJC_ROOT_CLASS = YES_ERROR;
				CLANG_WARN_RANGE_LOOP_ANALYSIS = YES;
				CLANG_WARN_STRICT_PROTOTYPES = YES;
				CLANG_WARN_SUSPICIOUS_MOVE = YES;
				CLANG_WARN_UNGUARDED_AVAILABILITY = YES_AGGRESSIVE;
				CLANG_WARN_UNREACHABLE_CODE = YES;
				CLANG_WARN__DUPLICATE_METHOD_MATCH = YES;
				COPY_PHASE_STRIP = NO;
				DEBUG_INFORMATION_FORMAT = "dwarf-with-dsym";
				ENABLE_NS_ASSERTIONS = NO;
				ENABLE_STRICT_OBJC_MSGSEND = YES;
				GCC_C_LANGUAGE_STANDARD = gnu11;
				GCC_NO_COMMON_BLOCKS = YES;
				GCC_WARN_64_TO_32_BIT_CONVERSION = YES;
				GCC_WARN_ABOUT_RETURN_TYPE = YES_ERROR;
				GCC_WARN_UNDECLARED_SELECTOR = YES;
				GCC_WARN_UNINITIALIZED_AUTOS = YES_AGGRESSIVE;
				GCC_WARN_UNUSED_FUNCTION = YES;
				GCC_WARN_UNUSED_VARIABLE = YES;
				IPHONEOS_DEPLOYMENT_TARGET = 13.0;
				MTL_ENABLE_DEBUG_INFO = NO;
				MTL_FAST_MATH = YES;
				SDKROOT = iphoneos;
				SWIFT_COMPILATION_MODE = wholemodule;
				SWIFT_OPTIMIZATION_LEVEL = "-O";
				VALIDATE_PRODUCT = YES;
			};
			name = Release;
		};
		ED1AA72B23D6203E00656BFF /* Debug */ = {
			isa = XCBuildConfiguration;
			buildSettings = {
				ASSETCATALOG_COMPILER_APPICON_NAME = AppIcon;
				CODE_SIGN_IDENTITY = "Apple Development";
				CODE_SIGN_STYLE = Automatic;
				DEVELOPMENT_ASSET_PATHS = "\"Bullseye/Preview Content\"";
				DEVELOPMENT_TEAM = 7QZT79MHG2;
				ENABLE_PREVIEWS = YES;
				INFOPLIST_FILE = Bullseye/Info.plist;
				LD_RUNPATH_SEARCH_PATHS = (
					"$(inherited)",
					"@executable_path/Frameworks",
				);
				PRODUCT_BUNDLE_IDENTIFIER = "-Kornev";
				PRODUCT_NAME = "Bull's Eye";
				PROVISIONING_PROFILE_SPECIFIER = "";
				SWIFT_COMPILATION_MODE = singlefile;
				SWIFT_VERSION = 5.0;
				TARGETED_DEVICE_FAMILY = "1,2";
			};
			name = Debug;
		};
		ED1AA72C23D6203E00656BFF /* Release */ = {
			isa = XCBuildConfiguration;
			buildSettings = {
				ASSETCATALOG_COMPILER_APPICON_NAME = AppIcon;
				CODE_SIGN_IDENTITY = "Apple Development";
				CODE_SIGN_STYLE = Automatic;
				DEVELOPMENT_ASSET_PATHS = "\"Bullseye/Preview Content\"";
				DEVELOPMENT_TEAM = 7QZT79MHG2;
				ENABLE_PREVIEWS = YES;
				INFOPLIST_FILE = Bullseye/Info.plist;
				LD_RUNPATH_SEARCH_PATHS = (
					"$(inherited)",
					"@executable_path/Frameworks",
				);
				PRODUCT_BUNDLE_IDENTIFIER = "-Kornev";
				PRODUCT_NAME = "Bull's Eye";
				PROVISIONING_PROFILE_SPECIFIER = "";
				SWIFT_VERSION = 5.0;
				TARGETED_DEVICE_FAMILY = "1,2";
			};
			name = Release;
		};
/* End XCBuildConfiguration section */

/* Begin XCConfigurationList section */
		ED1AA71123D6203C00656BFF /* Build configuration list for PBXProject "Bullseye" */ = {
			isa = XCConfigurationList;
			buildConfigurations = (
				ED1AA72823D6203E00656BFF /* Debug */,
				ED1AA72923D6203E00656BFF /* Release */,
			);
			defaultConfigurationIsVisible = 0;
			defaultConfigurationName = Release;
		};
		ED1AA72A23D6203E00656BFF /* Build configuration list for PBXNativeTarget "Bullseye" */ = {
			isa = XCConfigurationList;
			buildConfigurations = (
				ED1AA72B23D6203E00656BFF /* Debug */,
				ED1AA72C23D6203E00656BFF /* Release */,
			);
			defaultConfigurationIsVisible = 0;
			defaultConfigurationName = Release;
		};
/* End XCConfigurationList section */
	};
	rootObject = ED1AA70E23D6203C00656BFF /* Project object */;
}
